
Microsoft Visual Studio Solution File, Format Version 12.00
# Visual Studio 15
VisualStudioVersion = 15.0.27130.2024
MinimumVisualStudioVersion = 10.0.40219.1
Project("{9A19103F-16F7-4668-BE54-9A1E7A4F7556}") = "WebSchedule", "WebSchedule\WebSchedule.csproj", "{2F21E13C-36AB-4F0C-8BFF-5D608ADB6462}"
EndProject
Global
	GlobalSection(SolutionConfigurationPlatforms) = preSolution
		Debug|Any CPU = Debug|Any CPU
		Release|Any CPU = Release|Any CPU
	EndGlobalSection
	GlobalSection(ProjectConfigurationPlatforms) = postSolution
		{2F21E13C-36AB-4F0C-8BFF-5D608ADB6462}.Debug|Any CPU.ActiveCfg = Debug|Any CPU
		{2F21E13C-36AB-4F0C-8BFF-5D608ADB6462}.Debug|Any CPU.Build.0 = Debug|Any CPU
		{2F21E13C-36AB-4F0C-8BFF-5D608ADB6462}.Release|Any CPU.ActiveCfg = Release|Any CPU
		{2F21E13C-36AB-4F0C-8BFF-5D608ADB6462}.Release|Any CPU.Build.0 = Release|Any CPU
	EndGlobalSection
	GlobalSection(SolutionProperties) = preSolution
		HideSolutionNode = FALSE
	EndGlobalSection
	GlobalSection(ExtensibilityGlobals) = postSolution
		SolutionGuid = {B1900CE6-8981-4175-800B-2F42A64A9A37}
	EndGlobalSection
EndGlobal
